{
  "name": "mc-protocol-extractor",
  "version": "0.0.1",
  "lockfileVersion": 1,
  "requires": true,
  "dependencies": {
    "lodash": {
      "version": "4.17.20",
      "resolved": "https://registry.npmjs.org/lodash/-/lodash-4.17.20.tgz",
      "integrity": "sha512-PlhdFcillOINfeV7Ni6oF1TAEayyZBoZ8bcshTHqOYJYlrqzRK5hagpagky5o4HfCzzd1TRkXPMFq6cKk9rGmA=="
    },
    "minecraft-data": {
      "version": "2.74.0",
      "resolved": "https://registry.npmjs.org/minecraft-data/-/minecraft-data-2.74.0.tgz",
      "integrity": "sha512-YOi8L6Gq2cxkBktU7jVTEpS9YEJeYki9PZQRMS1I7xlc/xy3gdQhsZ5W/cDop4xP3gdxkq+bEww74r+jb8AU9g=="
    }
  }
}
